// !$*UTF8*$!
{
	archiveVersion = 1;
	classes = {
	};
	objectVersion = 56;
	objects = {

/* Begin PBXBuildFile section */
		370B8C2C2A67748E0066FF7E /* OtherWelcomeUIView.swift in Sources */ = {isa = PBXBuildFile; fileRef = 370B8C2B2A67748E0066FF7E /* OtherWelcomeUIView.swift */; };
		373066222A5FC70C00828014 /* ShopTableViewCell.swift in Sources */ = {isa = PBXBuildFile; fileRef = 373066212A5FC70C00828014 /* ShopTableViewCell.swift */; };
		373066242A5FC72000828014 /* ShopCollectionViewCell.swift in Sources */ = {isa = PBXBuildFile; fileRef = 373066232A5FC72000828014 /* ShopCollectionViewCell.swift */; };
		3732B5C12A691D28005208A9 /* View.swift in Sources */ = {isa = PBXBuildFile; fileRef = 3732B5C02A691D28005208A9 /* View.swift */; };
		3739DF352A63F79A0093F39D /* OtherWelcomeTableViewCell.swift in Sources */ = {isa = PBXBuildFile; fileRef = 3739DF342A63F79A0093F39D /* OtherWelcomeTableViewCell.swift */; };
		3739DF372A6439C50093F39D /* OtherPayCollectionViewCell.swift in Sources */ = {isa = PBXBuildFile; fileRef = 3739DF362A6439C50093F39D /* OtherPayCollectionViewCell.swift */; };
		3739DF392A651BB00093F39D /* OtherUIView.swift in Sources */ = {isa = PBXBuildFile; fileRef = 3739DF382A651BB00093F39D /* OtherUIView.swift */; };
		3740C75F2A59664700B97CDD /* DetailKindTableViewCell.swift in Sources */ = {isa = PBXBuildFile; fileRef = 3740C75E2A59664700B97CDD /* DetailKindTableViewCell.swift */; };
		3740C7612A59717E00B97CDD /* DetailMenuViewController.swift in Sources */ = {isa = PBXBuildFile; fileRef = 3740C7602A59717E00B97CDD /* DetailMenuViewController.swift */; };
		37726D6D2A72A4D0002643A6 /* HomeCollectionViewCell.swift in Sources */ = {isa = PBXBuildFile; fileRef = 37726D6C2A72A4CF002643A6 /* HomeCollectionViewCell.swift */; };
		37726D6F2A72BA9A002643A6 /* HomeDeliversView.swift in Sources */ = {isa = PBXBuildFile; fileRef = 37726D6E2A72BA9A002643A6 /* HomeDeliversView.swift */; };
		377CD2DD2A4DB9D400778DAB /* DataManager.swift in Sources */ = {isa = PBXBuildFile; fileRef = 377CD2DC2A4DB9D400778DAB /* DataManager.swift */; };
		377F1B202A63BF1000788478 /* OtherDataManager.swift in Sources */ = {isa = PBXBuildFile; fileRef = 377F1B1F2A63BF1000788478 /* OtherDataManager.swift */; };
		377F1B222A63BF1E00788478 /* OtherModel.swift in Sources */ = {isa = PBXBuildFile; fileRef = 377F1B212A63BF1E00788478 /* OtherModel.swift */; };
		377F1B242A63C2CA00788478 /* OtherTableViewCell.swift in Sources */ = {isa = PBXBuildFile; fileRef = 377F1B232A63C2CA00788478 /* OtherTableViewCell.swift */; };
		378529E92A4ED407003431EA /* AllMenuViewController.swift in Sources */ = {isa = PBXBuildFile; fileRef = 378529E82A4ED407003431EA /* AllMenuViewController.swift */; };
		378529EB2A4ED413003431EA /* MyMenuViewController.swift in Sources */ = {isa = PBXBuildFile; fileRef = 378529EA2A4ED413003431EA /* MyMenuViewController.swift */; };
		378529ED2A4ED424003431EA /* HallCakeViewController.swift in Sources */ = {isa = PBXBuildFile; fileRef = 378529EC2A4ED424003431EA /* HallCakeViewController.swift */; };
		3789A6FA2A76189000005823 /* HomeModel.swift in Sources */ = {isa = PBXBuildFile; fileRef = 3789A6F92A76189000005823 /* HomeModel.swift */; };
		3789A6FC2A7618F100005823 /* HomeManager.swift in Sources */ = {isa = PBXBuildFile; fileRef = 3789A6FB2A7618F100005823 /* HomeManager.swift */; };
		379ACDBF29CEC42F00EA4A21 /* AppDelegate.swift in Sources */ = {isa = PBXBuildFile; fileRef = 379ACDBE29CEC42F00EA4A21 /* AppDelegate.swift */; };
		379ACDC129CEC42F00EA4A21 /* SceneDelegate.swift in Sources */ = {isa = PBXBuildFile; fileRef = 379ACDC029CEC42F00EA4A21 /* SceneDelegate.swift */; };
		379ACDC329CEC42F00EA4A21 /* ViewController.swift in Sources */ = {isa = PBXBuildFile; fileRef = 379ACDC229CEC42F00EA4A21 /* ViewController.swift */; };
		379ACDC829CEC43200EA4A21 /* Assets.xcassets in Resources */ = {isa = PBXBuildFile; fileRef = 379ACDC729CEC43200EA4A21 /* Assets.xcassets */; };
		379ACDCB29CEC43200EA4A21 /* LaunchScreen.storyboard in Resources */ = {isa = PBXBuildFile; fileRef = 379ACDC929CEC43200EA4A21 /* LaunchScreen.storyboard */; };
		379ACDD829CEC4BE00EA4A21 /* HomeViewController.swift in Sources */ = {isa = PBXBuildFile; fileRef = 379ACDD729CEC4BE00EA4A21 /* HomeViewController.swift */; };
		379ACDDA29CEC52C00EA4A21 /* PayViewController.swift in Sources */ = {isa = PBXBuildFile; fileRef = 379ACDD929CEC52C00EA4A21 /* PayViewController.swift */; };
		379ACDDC29CEC53D00EA4A21 /* OrderViewController.swift in Sources */ = {isa = PBXBuildFile; fileRef = 379ACDDB29CEC53D00EA4A21 /* OrderViewController.swift */; };
		379ACDDE29CEC54D00EA4A21 /* ShopViewController.swift in Sources */ = {isa = PBXBuildFile; fileRef = 379ACDDD29CEC54D00EA4A21 /* ShopViewController.swift */; };
		379ACDE029CEC55D00EA4A21 /* OtherViewController.swift in Sources */ = {isa = PBXBuildFile; fileRef = 379ACDDF29CEC55D00EA4A21 /* OtherViewController.swift */; };
		379C05642A53DC76008DF195 /* AllManuTableViewCell.swift in Sources */ = {isa = PBXBuildFile; fileRef = 379C05632A53DC75008DF195 /* AllManuTableViewCell.swift */; };
		37A61D6E2A4C23D600DD2476 /* Color.swift in Sources */ = {isa = PBXBuildFile; fileRef = 37A61D6D2A4C23D600DD2476 /* Color.swift */; };
		37A61D712A4C2A2300DD2476 /* SnapKit in Frameworks */ = {isa = PBXBuildFile; productRef = 37A61D702A4C2A2300DD2476 /* SnapKit */; };
		37A61D742A4C2A3E00DD2476 /* RxCocoa in Frameworks */ = {isa = PBXBuildFile; productRef = 37A61D732A4C2A3E00DD2476 /* RxCocoa */; };
		37A61D762A4C2A3E00DD2476 /* RxRelay in Frameworks */ = {isa = PBXBuildFile; productRef = 37A61D752A4C2A3E00DD2476 /* RxRelay */; };
		37A61D782A4C2A3E00DD2476 /* RxSwift in Frameworks */ = {isa = PBXBuildFile; productRef = 37A61D772A4C2A3E00DD2476 /* RxSwift */; };
		37A61D7A2A4D6F6400DD2476 /* UIViewController.swift in Sources */ = {isa = PBXBuildFile; fileRef = 37A61D792A4D6F6400DD2476 /* UIViewController.swift */; };
		37A61D7C2A4D74E600DD2476 /* PayCollectionViewCell.swift in Sources */ = {isa = PBXBuildFile; fileRef = 37A61D7B2A4D74E600DD2476 /* PayCollectionViewCell.swift */; };
		37A61D802A4D780600DD2476 /* PayModel.swift in Sources */ = {isa = PBXBuildFile; fileRef = 37A61D7F2A4D780600DD2476 /* PayModel.swift */; };
		37CFF37C2A4F526000BC154F /* PreView.swift in Sources */ = {isa = PBXBuildFile; fileRef = 37CFF37B2A4F526000BC154F /* PreView.swift */; };
		37E25CE72A7693320092E90F /* HomeFourthDetailCollectionViewCell.swift in Sources */ = {isa = PBXBuildFile; fileRef = 37E25CE62A7693320092E90F /* HomeFourthDetailCollectionViewCell.swift */; };
		37ECD5CE2A6E8B5700BD3067 /* test.swift in Sources */ = {isa = PBXBuildFile; fileRef = 37ECD5CD2A6E8B5700BD3067 /* test.swift */; };
		37ECD5D02A6E8F9E00BD3067 /* CouponButton.swift in Sources */ = {isa = PBXBuildFile; fileRef = 37ECD5CF2A6E8F9E00BD3067 /* CouponButton.swift */; };
		37ECD5D42A6FEF2B00BD3067 /* HomeHeaderView.swift in Sources */ = {isa = PBXBuildFile; fileRef = 37ECD5D32A6FEF2B00BD3067 /* HomeHeaderView.swift */; };
		37F45C0C2A55C7F900B36443 /* DetailKindViewController.swift in Sources */ = {isa = PBXBuildFile; fileRef = 37F45C0B2A55C7F900B36443 /* DetailKindViewController.swift */; };
		37F81F8E2A5AFC1400B8345A /* ShopModel.swift in Sources */ = {isa = PBXBuildFile; fileRef = 37F81F8D2A5AFC1400B8345A /* ShopModel.swift */; };
		37F81F902A5AFCD200B8345A /* ShopDataManager.swift in Sources */ = {isa = PBXBuildFile; fileRef = 37F81F8F2A5AFCD200B8345A /* ShopDataManager.swift */; };
		37FD46EA2A6249D400FE9227 /* ShopUIView.swift in Sources */ = {isa = PBXBuildFile; fileRef = 37FD46E92A6249D400FE9227 /* ShopUIView.swift */; };
/* End PBXBuildFile section */

/* Begin PBXFileReference section */
		370B8C2B2A67748E0066FF7E /* OtherWelcomeUIView.swift */ = {isa = PBXFileReference; lastKnownFileType = sourcecode.swift; path = OtherWelcomeUIView.swift; sourceTree = "<group>"; };
		373066212A5FC70C00828014 /* ShopTableViewCell.swift */ = {isa = PBXFileReference; lastKnownFileType = sourcecode.swift; path = ShopTableViewCell.swift; sourceTree = "<group>"; };
		373066232A5FC72000828014 /* ShopCollectionViewCell.swift */ = {isa = PBXFileReference; lastKnownFileType = sourcecode.swift; path = ShopCollectionViewCell.swift; sourceTree = "<group>"; };
		3732B5C02A691D28005208A9 /* View.swift */ = {isa = PBXFileReference; lastKnownFileType = sourcecode.swift; path = View.swift; sourceTree = "<group>"; };
		3739DF342A63F79A0093F39D /* OtherWelcomeTableViewCell.swift */ = {isa = PBXFileReference; lastKnownFileType = sourcecode.swift; path = OtherWelcomeTableViewCell.swift; sourceTree = "<group>"; };
		3739DF362A6439C50093F39D /* OtherPayCollectionViewCell.swift */ = {isa = PBXFileReference; lastKnownFileType = sourcecode.swift; path = OtherPayCollectionViewCell.swift; sourceTree = "<group>"; };
		3739DF382A651BB00093F39D /* OtherUIView.swift */ = {isa = PBXFileReference; lastKnownFileType = sourcecode.swift; path = OtherUIView.swift; sourceTree = "<group>"; };
		3740C75E2A59664700B97CDD /* DetailKindTableViewCell.swift */ = {isa = PBXFileReference; lastKnownFileType = sourcecode.swift; path = DetailKindTableViewCell.swift; sourceTree = "<group>"; };
		3740C7602A59717E00B97CDD /* DetailMenuViewController.swift */ = {isa = PBXFileReference; lastKnownFileType = sourcecode.swift; path = DetailMenuViewController.swift; sourceTree = "<group>"; };
		37726D6C2A72A4CF002643A6 /* HomeCollectionViewCell.swift */ = {isa = PBXFileReference; lastKnownFileType = sourcecode.swift; path = HomeCollectionViewCell.swift; sourceTree = "<group>"; };
		37726D6E2A72BA9A002643A6 /* HomeDeliversView.swift */ = {isa = PBXFileReference; lastKnownFileType = sourcecode.swift; path = HomeDeliversView.swift; sourceTree = "<group>"; };
		377CD2DC2A4DB9D400778DAB /* DataManager.swift */ = {isa = PBXFileReference; lastKnownFileType = sourcecode.swift; path = DataManager.swift; sourceTree = "<group>"; };
		377F1B1F2A63BF1000788478 /* OtherDataManager.swift */ = {isa = PBXFileReference; lastKnownFileType = sourcecode.swift; path = OtherDataManager.swift; sourceTree = "<group>"; };
		377F1B212A63BF1E00788478 /* OtherModel.swift */ = {isa = PBXFileReference; lastKnownFileType = sourcecode.swift; path = OtherModel.swift; sourceTree = "<group>"; };
		377F1B232A63C2CA00788478 /* OtherTableViewCell.swift */ = {isa = PBXFileReference; lastKnownFileType = sourcecode.swift; path = OtherTableViewCell.swift; sourceTree = "<group>"; };
		378529E82A4ED407003431EA /* AllMenuViewController.swift */ = {isa = PBXFileReference; lastKnownFileType = sourcecode.swift; path = AllMenuViewController.swift; sourceTree = "<group>"; };
		378529EA2A4ED413003431EA /* MyMenuViewController.swift */ = {isa = PBXFileReference; lastKnownFileType = sourcecode.swift; path = MyMenuViewController.swift; sourceTree = "<group>"; };
		378529EC2A4ED424003431EA /* HallCakeViewController.swift */ = {isa = PBXFileReference; lastKnownFileType = sourcecode.swift; path = HallCakeViewController.swift; sourceTree = "<group>"; };
		3789A6F92A76189000005823 /* HomeModel.swift */ = {isa = PBXFileReference; lastKnownFileType = sourcecode.swift; path = HomeModel.swift; sourceTree = "<group>"; };
		3789A6FB2A7618F100005823 /* HomeManager.swift */ = {isa = PBXFileReference; lastKnownFileType = sourcecode.swift; path = HomeManager.swift; sourceTree = "<group>"; };
		379ACDBB29CEC42F00EA4A21 /* Clone_Starbucks.app */ = {isa = PBXFileReference; explicitFileType = wrapper.application; includeInIndex = 0; path = Clone_Starbucks.app; sourceTree = BUILT_PRODUCTS_DIR; };
		379ACDBE29CEC42F00EA4A21 /* AppDelegate.swift */ = {isa = PBXFileReference; lastKnownFileType = sourcecode.swift; path = AppDelegate.swift; sourceTree = "<group>"; };
		379ACDC029CEC42F00EA4A21 /* SceneDelegate.swift */ = {isa = PBXFileReference; lastKnownFileType = sourcecode.swift; path = SceneDelegate.swift; sourceTree = "<group>"; };
		379ACDC229CEC42F00EA4A21 /* ViewController.swift */ = {isa = PBXFileReference; lastKnownFileType = sourcecode.swift; path = ViewController.swift; sourceTree = "<group>"; };
		379ACDC729CEC43200EA4A21 /* Assets.xcassets */ = {isa = PBXFileReference; lastKnownFileType = folder.assetcatalog; path = Assets.xcassets; sourceTree = "<group>"; };
		379ACDCA29CEC43200EA4A21 /* Base */ = {isa = PBXFileReference; lastKnownFileType = file.storyboard; name = Base; path = Base.lproj/LaunchScreen.storyboard; sourceTree = "<group>"; };
		379ACDCC29CEC43200EA4A21 /* Info.plist */ = {isa = PBXFileReference; lastKnownFileType = text.plist.xml; path = Info.plist; sourceTree = "<group>"; };
		379ACDD729CEC4BE00EA4A21 /* HomeViewController.swift */ = {isa = PBXFileReference; lastKnownFileType = sourcecode.swift; path = HomeViewController.swift; sourceTree = "<group>"; };
		379ACDD929CEC52C00EA4A21 /* PayViewController.swift */ = {isa = PBXFileReference; lastKnownFileType = sourcecode.swift; path = PayViewController.swift; sourceTree = "<group>"; };
		379ACDDB29CEC53D00EA4A21 /* OrderViewController.swift */ = {isa = PBXFileReference; lastKnownFileType = sourcecode.swift; path = OrderViewController.swift; sourceTree = "<group>"; };
		379ACDDD29CEC54D00EA4A21 /* ShopViewController.swift */ = {isa = PBXFileReference; lastKnownFileType = sourcecode.swift; path = ShopViewController.swift; sourceTree = "<group>"; };
		379ACDDF29CEC55D00EA4A21 /* OtherViewController.swift */ = {isa = PBXFileReference; lastKnownFileType = sourcecode.swift; path = OtherViewController.swift; sourceTree = "<group>"; };
		379C05632A53DC75008DF195 /* AllManuTableViewCell.swift */ = {isa = PBXFileReference; lastKnownFileType = sourcecode.swift; path = AllManuTableViewCell.swift; sourceTree = "<group>"; };
		37A61D6D2A4C23D600DD2476 /* Color.swift */ = {isa = PBXFileReference; lastKnownFileType = sourcecode.swift; path = Color.swift; sourceTree = "<group>"; };
		37A61D792A4D6F6400DD2476 /* UIViewController.swift */ = {isa = PBXFileReference; lastKnownFileType = sourcecode.swift; path = UIViewController.swift; sourceTree = "<group>"; };
		37A61D7B2A4D74E600DD2476 /* PayCollectionViewCell.swift */ = {isa = PBXFileReference; lastKnownFileType = sourcecode.swift; path = PayCollectionViewCell.swift; sourceTree = "<group>"; };
		37A61D7F2A4D780600DD2476 /* PayModel.swift */ = {isa = PBXFileReference; lastKnownFileType = sourcecode.swift; path = PayModel.swift; sourceTree = "<group>"; };
		37CFF37B2A4F526000BC154F /* PreView.swift */ = {isa = PBXFileReference; lastKnownFileType = sourcecode.swift; path = PreView.swift; sourceTree = "<group>"; };
		37E25CE62A7693320092E90F /* HomeFourthDetailCollectionViewCell.swift */ = {isa = PBXFileReference; lastKnownFileType = sourcecode.swift; path = HomeFourthDetailCollectionViewCell.swift; sourceTree = "<group>"; };
		37ECD5CD2A6E8B5700BD3067 /* test.swift */ = {isa = PBXFileReference; lastKnownFileType = sourcecode.swift; path = test.swift; sourceTree = "<group>"; };
		37ECD5CF2A6E8F9E00BD3067 /* CouponButton.swift */ = {isa = PBXFileReference; lastKnownFileType = sourcecode.swift; path = CouponButton.swift; sourceTree = "<group>"; };
		37ECD5D32A6FEF2B00BD3067 /* HomeHeaderView.swift */ = {isa = PBXFileReference; lastKnownFileType = sourcecode.swift; path = HomeHeaderView.swift; sourceTree = "<group>"; };
		37F45C0B2A55C7F900B36443 /* DetailKindViewController.swift */ = {isa = PBXFileReference; lastKnownFileType = sourcecode.swift; path = DetailKindViewController.swift; sourceTree = "<group>"; };
		37F81F8D2A5AFC1400B8345A /* ShopModel.swift */ = {isa = PBXFileReference; lastKnownFileType = sourcecode.swift; path = ShopModel.swift; sourceTree = "<group>"; };
		37F81F8F2A5AFCD200B8345A /* ShopDataManager.swift */ = {isa = PBXFileReference; lastKnownFileType = sourcecode.swift; path = ShopDataManager.swift; sourceTree = "<group>"; };
		37FD46E92A6249D400FE9227 /* ShopUIView.swift */ = {isa = PBXFileReference; lastKnownFileType = sourcecode.swift; path = ShopUIView.swift; sourceTree = "<group>"; };
/* End PBXFileReference section */

/* Begin PBXFrameworksBuildPhase section */
		379ACDB829CEC42F00EA4A21 /* Frameworks */ = {
			isa = PBXFrameworksBuildPhase;
			buildActionMask = 2147483647;
			files = (
				37A61D762A4C2A3E00DD2476 /* RxRelay in Frameworks */,
				37A61D742A4C2A3E00DD2476 /* RxCocoa in Frameworks */,
				37A61D782A4C2A3E00DD2476 /* RxSwift in Frameworks */,
				37A61D712A4C2A2300DD2476 /* SnapKit in Frameworks */,
			);
			runOnlyForDeploymentPostprocessing = 0;
		};
/* End PBXFrameworksBuildPhase section */

/* Begin PBXGroup section */
		370B8C2A2A6774770066FF7E /* View */ = {
			isa = PBXGroup;
			children = (
				370B8C2B2A67748E0066FF7E /* OtherWelcomeUIView.swift */,
			);
			path = View;
			sourceTree = "<group>";
		};
		377F1B1E2A63BD3200788478 /* View */ = {
			isa = PBXGroup;
			children = (
			);
			path = View;
			sourceTree = "<group>";
		};
		378529E62A4ED3A7003431EA /* Menu */ = {
			isa = PBXGroup;
			children = (
				378529E82A4ED407003431EA /* AllMenuViewController.swift */,
				378529EA2A4ED413003431EA /* MyMenuViewController.swift */,
				378529EC2A4ED424003431EA /* HallCakeViewController.swift */,
				379C05632A53DC75008DF195 /* AllManuTableViewCell.swift */,
				3740C7602A59717E00B97CDD /* DetailMenuViewController.swift */,
				37ECD5CD2A6E8B5700BD3067 /* test.swift */,
			);
			path = Menu;
			sourceTree = "<group>";
		};
		378529E72A4ED3B9003431EA /* Kind */ = {
			isa = PBXGroup;
			children = (
			);
			path = Kind;
			sourceTree = "<group>";
		};
		379ACDB229CEC42F00EA4A21 = {
			isa = PBXGroup;
			children = (
				379ACDBD29CEC42F00EA4A21 /* Clone_Starbucks */,
				379ACDBC29CEC42F00EA4A21 /* Products */,
			);
			sourceTree = "<group>";
		};
		379ACDBC29CEC42F00EA4A21 /* Products */ = {
			isa = PBXGroup;
			children = (
				379ACDBB29CEC42F00EA4A21 /* Clone_Starbucks.app */,
			);
			name = Products;
			sourceTree = "<group>";
		};
		379ACDBD29CEC42F00EA4A21 /* Clone_Starbucks */ = {
			isa = PBXGroup;
			children = (
				37A61D7D2A4D77DB00DD2476 /* Models */,
				37A61D6C2A4C23BA00DD2476 /* Extension */,
				379ACDD629CEC4A600EA4A21 /* Other */,
				379ACDD529CEC4A200EA4A21 /* Shop */,
				379ACDD429CEC49B00EA4A21 /* Order */,
				379ACDD329CEC49400EA4A21 /* Pay */,
				379ACDD229CEC48800EA4A21 /* Home */,
				379ACDBE29CEC42F00EA4A21 /* AppDelegate.swift */,
				379ACDC029CEC42F00EA4A21 /* SceneDelegate.swift */,
				379ACDC229CEC42F00EA4A21 /* ViewController.swift */,
				379ACDC729CEC43200EA4A21 /* Assets.xcassets */,
				379ACDC929CEC43200EA4A21 /* LaunchScreen.storyboard */,
				379ACDCC29CEC43200EA4A21 /* Info.plist */,
			);
			path = Clone_Starbucks;
			sourceTree = "<group>";
		};
		379ACDD229CEC48800EA4A21 /* Home */ = {
			isa = PBXGroup;
			children = (
				379ACDD729CEC4BE00EA4A21 /* HomeViewController.swift */,
				37ECD5D32A6FEF2B00BD3067 /* HomeHeaderView.swift */,
				37726D6C2A72A4CF002643A6 /* HomeCollectionViewCell.swift */,
				37726D6E2A72BA9A002643A6 /* HomeDeliversView.swift */,
				37E25CE62A7693320092E90F /* HomeFourthDetailCollectionViewCell.swift */,
			);
			path = Home;
			sourceTree = "<group>";
		};
		379ACDD329CEC49400EA4A21 /* Pay */ = {
			isa = PBXGroup;
			children = (
				379ACDD929CEC52C00EA4A21 /* PayViewController.swift */,
				37A61D7B2A4D74E600DD2476 /* PayCollectionViewCell.swift */,
				37ECD5CF2A6E8F9E00BD3067 /* CouponButton.swift */,
			);
			path = Pay;
			sourceTree = "<group>";
		};
		379ACDD429CEC49B00EA4A21 /* Order */ = {
			isa = PBXGroup;
			children = (
				378529E72A4ED3B9003431EA /* Kind */,
				378529E62A4ED3A7003431EA /* Menu */,
				379ACDDB29CEC53D00EA4A21 /* OrderViewController.swift */,
				37F45C0B2A55C7F900B36443 /* DetailKindViewController.swift */,
				3740C75E2A59664700B97CDD /* DetailKindTableViewCell.swift */,
				3732B5C02A691D28005208A9 /* View.swift */,
			);
			path = Order;
			sourceTree = "<group>";
		};
		379ACDD529CEC4A200EA4A21 /* Shop */ = {
			isa = PBXGroup;
			children = (
				377F1B1E2A63BD3200788478 /* View */,
				379ACDDD29CEC54D00EA4A21 /* ShopViewController.swift */,
				373066212A5FC70C00828014 /* ShopTableViewCell.swift */,
				373066232A5FC72000828014 /* ShopCollectionViewCell.swift */,
				37FD46E92A6249D400FE9227 /* ShopUIView.swift */,
			);
			path = Shop;
			sourceTree = "<group>";
		};
		379ACDD629CEC4A600EA4A21 /* Other */ = {
			isa = PBXGroup;
			children = (
				370B8C2A2A6774770066FF7E /* View */,
				379ACDDF29CEC55D00EA4A21 /* OtherViewController.swift */,
				377F1B232A63C2CA00788478 /* OtherTableViewCell.swift */,
				3739DF342A63F79A0093F39D /* OtherWelcomeTableViewCell.swift */,
				3739DF362A6439C50093F39D /* OtherPayCollectionViewCell.swift */,
				3739DF382A651BB00093F39D /* OtherUIView.swift */,
			);
			path = Other;
			sourceTree = "<group>";
		};
		37A61D6C2A4C23BA00DD2476 /* Extension */ = {
			isa = PBXGroup;
			children = (
				37A61D6D2A4C23D600DD2476 /* Color.swift */,
				37A61D792A4D6F6400DD2476 /* UIViewController.swift */,
				37CFF37B2A4F526000BC154F /* PreView.swift */,
			);
			path = Extension;
			sourceTree = "<group>";
		};
		37A61D7D2A4D77DB00DD2476 /* Models */ = {
			isa = PBXGroup;
			children = (
				37A61D7F2A4D780600DD2476 /* PayModel.swift */,
				377CD2DC2A4DB9D400778DAB /* DataManager.swift */,
				37F81F8D2A5AFC1400B8345A /* ShopModel.swift */,
				37F81F8F2A5AFCD200B8345A /* ShopDataManager.swift */,
				377F1B1F2A63BF1000788478 /* OtherDataManager.swift */,
				377F1B212A63BF1E00788478 /* OtherModel.swift */,
				3789A6F92A76189000005823 /* HomeModel.swift */,
				3789A6FB2A7618F100005823 /* HomeManager.swift */,
			);
			path = Models;
			sourceTree = "<group>";
		};
/* End PBXGroup section */

/* Begin PBXNativeTarget section */
		379ACDBA29CEC42F00EA4A21 /* Clone_Starbucks */ = {
			isa = PBXNativeTarget;
			buildConfigurationList = 379ACDCF29CEC43200EA4A21 /* Build configuration list for PBXNativeTarget "Clone_Starbucks" */;
			buildPhases = (
				379ACDB729CEC42F00EA4A21 /* Sources */,
				379ACDB829CEC42F00EA4A21 /* Frameworks */,
				379ACDB929CEC42F00EA4A21 /* Resources */,
			);
			buildRules = (
			);
			dependencies = (
			);
			name = Clone_Starbucks;
			packageProductDependencies = (
				37A61D702A4C2A2300DD2476 /* SnapKit */,
				37A61D732A4C2A3E00DD2476 /* RxCocoa */,
				37A61D752A4C2A3E00DD2476 /* RxRelay */,
				37A61D772A4C2A3E00DD2476 /* RxSwift */,
			);
			productName = Clone_Starbucks;
			productReference = 379ACDBB29CEC42F00EA4A21 /* Clone_Starbucks.app */;
			productType = "com.apple.product-type.application";
		};
/* End PBXNativeTarget section */

/* Begin PBXProject section */
		379ACDB329CEC42F00EA4A21 /* Project object */ = {
			isa = PBXProject;
			attributes = {
				BuildIndependentTargetsInParallel = 1;
				LastSwiftUpdateCheck = 1420;
				LastUpgradeCheck = 1420;
				TargetAttributes = {
					379ACDBA29CEC42F00EA4A21 = {
						CreatedOnToolsVersion = 14.2;
					};
				};
			};
			buildConfigurationList = 379ACDB629CEC42F00EA4A21 /* Build configuration list for PBXProject "Clone_Starbucks" */;
			compatibilityVersion = "Xcode 14.0";
			developmentRegion = en;
			hasScannedForEncodings = 0;
			knownRegions = (
				en,
				Base,
			);
			mainGroup = 379ACDB229CEC42F00EA4A21;
			packageReferences = (
				37A61D6F2A4C2A2300DD2476 /* XCRemoteSwiftPackageReference "SnapKit" */,
				37A61D722A4C2A3E00DD2476 /* XCRemoteSwiftPackageReference "RxSwift" */,
			);
			productRefGroup = 379ACDBC29CEC42F00EA4A21 /* Products */;
			projectDirPath = "";
			projectRoot = "";
			targets = (
				379ACDBA29CEC42F00EA4A21 /* Clone_Starbucks */,
			);
		};
/* End PBXProject section */

/* Begin PBXResourcesBuildPhase section */
		379ACDB929CEC42F00EA4A21 /* Resources */ = {
			isa = PBXResourcesBuildPhase;
			buildActionMask = 2147483647;
			files = (
				379ACDCB29CEC43200EA4A21 /* LaunchScreen.storyboard in Resources */,
				379ACDC829CEC43200EA4A21 /* Assets.xcassets in Resources */,
			);
			runOnlyForDeploymentPostprocessing = 0;
		};
/* End PBXResourcesBuildPhase section */

/* Begin PBXSourcesBuildPhase section */
		379ACDB729CEC42F00EA4A21 /* Sources */ = {
			isa = PBXSourcesBuildPhase;
			buildActionMask = 2147483647;
			files = (
				379C05642A53DC76008DF195 /* AllManuTableViewCell.swift in Sources */,
				379ACDC329CEC42F00EA4A21 /* ViewController.swift in Sources */,
				373066242A5FC72000828014 /* ShopCollectionViewCell.swift in Sources */,
				3789A6FC2A7618F100005823 /* HomeManager.swift in Sources */,
				37726D6D2A72A4D0002643A6 /* HomeCollectionViewCell.swift in Sources */,
				3739DF392A651BB00093F39D /* OtherUIView.swift in Sources */,
				379ACDDA29CEC52C00EA4A21 /* PayViewController.swift in Sources */,
				379ACDBF29CEC42F00EA4A21 /* AppDelegate.swift in Sources */,
				3740C75F2A59664700B97CDD /* DetailKindTableViewCell.swift in Sources */,
				378529E92A4ED407003431EA /* AllMenuViewController.swift in Sources */,
				37ECD5D42A6FEF2B00BD3067 /* HomeHeaderView.swift in Sources */,
				37F81F8E2A5AFC1400B8345A /* ShopModel.swift in Sources */,
				379ACDC129CEC42F00EA4A21 /* SceneDelegate.swift in Sources */,
				37A61D7A2A4D6F6400DD2476 /* UIViewController.swift in Sources */,
				377F1B222A63BF1E00788478 /* OtherModel.swift in Sources */,
				379ACDD829CEC4BE00EA4A21 /* HomeViewController.swift in Sources */,
				379ACDE029CEC55D00EA4A21 /* OtherViewController.swift in Sources */,
				379ACDDE29CEC54D00EA4A21 /* ShopViewController.swift in Sources */,
				3740C7612A59717E00B97CDD /* DetailMenuViewController.swift in Sources */,
				37CFF37C2A4F526000BC154F /* PreView.swift in Sources */,
				37E25CE72A7693320092E90F /* HomeFourthDetailCollectionViewCell.swift in Sources */,
				378529EB2A4ED413003431EA /* MyMenuViewController.swift in Sources */,
				37726D6F2A72BA9A002643A6 /* HomeDeliversView.swift in Sources */,
				373066222A5FC70C00828014 /* ShopTableViewCell.swift in Sources */,
				37ECD5CE2A6E8B5700BD3067 /* test.swift in Sources */,
				37F81F902A5AFCD200B8345A /* ShopDataManager.swift in Sources */,
				37A61D802A4D780600DD2476 /* PayModel.swift in Sources */,
				370B8C2C2A67748E0066FF7E /* OtherWelcomeUIView.swift in Sources */,
				377F1B242A63C2CA00788478 /* OtherTableViewCell.swift in Sources */,
				378529ED2A4ED424003431EA /* HallCakeViewController.swift in Sources */,
				3789A6FA2A76189000005823 /* HomeModel.swift in Sources */,
				37F45C0C2A55C7F900B36443 /* DetailKindViewController.swift in Sources */,
				379ACDDC29CEC53D00EA4A21 /* OrderViewController.swift in Sources */,
				377F1B202A63BF1000788478 /* OtherDataManager.swift in Sources */,
				3739DF352A63F79A0093F39D /* OtherWelcomeTableViewCell.swift in Sources */,
				37FD46EA2A6249D400FE9227 /* ShopUIView.swift in Sources */,
				3739DF372A6439C50093F39D /* OtherPayCollectionViewCell.swift in Sources */,
				37ECD5D02A6E8F9E00BD3067 /* CouponButton.swift in Sources */,
				3732B5C12A691D28005208A9 /* View.swift in Sources */,
				37A61D7C2A4D74E600DD2476 /* PayCollectionViewCell.swift in Sources */,
				377CD2DD2A4DB9D400778DAB /* DataManager.swift in Sources */,
				37A61D6E2A4C23D600DD2476 /* Color.swift in Sources */,
			);
			runOnlyForDeploymentPostprocessing = 0;
		};
/* End PBXSourcesBuildPhase section */

/* Begin PBXVariantGroup section */
		379ACDC929CEC43200EA4A21 /* LaunchScreen.storyboard */ = {
			isa = PBXVariantGroup;
			children = (
				379ACDCA29CEC43200EA4A21 /* Base */,
			);
			name = LaunchScreen.storyboard;
			sourceTree = "<group>";
		};
/* End PBXVariantGroup section */

/* Begin XCBuildConfiguration section */
		379ACDCD29CEC43200EA4A21 /* Debug */ = {
			isa = XCBuildConfiguration;
			buildSettings = {
				ALWAYS_SEARCH_USER_PATHS = NO;
				CLANG_ANALYZER_NONNULL = YES;
				CLANG_ANALYZER_NUMBER_OBJECT_CONVERSION = YES_AGGRESSIVE;
				CLANG_CXX_LANGUAGE_STANDARD = "gnu++20";
				CLANG_ENABLE_MODULES = YES;
				CLANG_ENABLE_OBJC_ARC = YES;
				CLANG_ENABLE_OBJC_WEAK = YES;
				CLANG_WARN_BLOCK_CAPTURE_AUTORELEASING = YES;
				CLANG_WARN_BOOL_CONVERSION = YES;
				CLANG_WARN_COMMA = YES;
				CLANG_WARN_CONSTANT_CONVERSION = YES;
				CLANG_WARN_DEPRECATED_OBJC_IMPLEMENTATIONS = YES;
				CLANG_WARN_DIRECT_OBJC_ISA_USAGE = YES_ERROR;
				CLANG_WARN_DOCUMENTATION_COMMENTS = YES;
				CLANG_WARN_EMPTY_BODY = YES;
				CLANG_WARN_ENUM_CONVERSION = YES;
				CLANG_WARN_INFINITE_RECURSION = YES;
				CLANG_WARN_INT_CONVERSION = YES;
				CLANG_WARN_NON_LITERAL_NULL_CONVERSION = YES;
				CLANG_WARN_OBJC_IMPLICIT_RETAIN_SELF = YES;
				CLANG_WARN_OBJC_LITERAL_CONVERSION = YES;
				CLANG_WARN_OBJC_ROOT_CLASS = YES_ERROR;
				CLANG_WARN_QUOTED_INCLUDE_IN_FRAMEWORK_HEADER = YES;
				CLANG_WARN_RANGE_LOOP_ANALYSIS = YES;
				CLANG_WARN_STRICT_PROTOTYPES = YES;
				CLANG_WARN_SUSPICIOUS_MOVE = YES;
				CLANG_WARN_UNGUARDED_AVAILABILITY = YES_AGGRESSIVE;
				CLANG_WARN_UNREACHABLE_CODE = YES;
				CLANG_WARN__DUPLICATE_METHOD_MATCH = YES;
				COPY_PHASE_STRIP = NO;
				DEBUG_INFORMATION_FORMAT = dwarf;
				ENABLE_STRICT_OBJC_MSGSEND = YES;
				ENABLE_TESTABILITY = YES;
				GCC_C_LANGUAGE_STANDARD = gnu11;
				GCC_DYNAMIC_NO_PIC = NO;
				GCC_NO_COMMON_BLOCKS = YES;
				GCC_OPTIMIZATION_LEVEL = 0;
				GCC_PREPROCESSOR_DEFINITIONS = (
					"DEBUG=1",
					"$(inherited)",
				);
				GCC_WARN_64_TO_32_BIT_CONVERSION = YES;
				GCC_WARN_ABOUT_RETURN_TYPE = YES_ERROR;
				GCC_WARN_UNDECLARED_SELECTOR = YES;
				GCC_WARN_UNINITIALIZED_AUTOS = YES_AGGRESSIVE;
				GCC_WARN_UNUSED_FUNCTION = YES;
				GCC_WARN_UNUSED_VARIABLE = YES;
				IPHONEOS_DEPLOYMENT_TARGET = 16.2;
				MTL_ENABLE_DEBUG_INFO = INCLUDE_SOURCE;
				MTL_FAST_MATH = YES;
				ONLY_ACTIVE_ARCH = YES;
				SDKROOT = iphoneos;
				SWIFT_ACTIVE_COMPILATION_CONDITIONS = DEBUG;
				SWIFT_OPTIMIZATION_LEVEL = "-Onone";
			};
			name = Debug;
		};
		379ACDCE29CEC43200EA4A21 /* Release */ = {
			isa = XCBuildConfiguration;
			buildSettings = {
				ALWAYS_SEARCH_USER_PATHS = NO;
				CLANG_ANALYZER_NONNULL = YES;
				CLANG_ANALYZER_NUMBER_OBJECT_CONVERSION = YES_AGGRESSIVE;
				CLANG_CXX_LANGUAGE_STANDARD = "gnu++20";
				CLANG_ENABLE_MODULES = YES;
				CLANG_ENABLE_OBJC_ARC = YES;
				CLANG_ENABLE_OBJC_WEAK = YES;
				CLANG_WARN_BLOCK_CAPTURE_AUTORELEASING = YES;
				CLANG_WARN_BOOL_CONVERSION = YES;
				CLANG_WARN_COMMA = YES;
				CLANG_WARN_CONSTANT_CONVERSION = YES;
				CLANG_WARN_DEPRECATED_OBJC_IMPLEMENTATIONS = YES;
				CLANG_WARN_DIRECT_OBJC_ISA_USAGE = YES_ERROR;
				CLANG_WARN_DOCUMENTATION_COMMENTS = YES;
				CLANG_WARN_EMPTY_BODY = YES;
				CLANG_WARN_ENUM_CONVERSION = YES;
				CLANG_WARN_INFINITE_RECURSION = YES;
				CLANG_WARN_INT_CONVERSION = YES;
				CLANG_WARN_NON_LITERAL_NULL_CONVERSION = YES;
				CLANG_WARN_OBJC_IMPLICIT_RETAIN_SELF = YES;
				CLANG_WARN_OBJC_LITERAL_CONVERSION = YES;
				CLANG_WARN_OBJC_ROOT_CLASS = YES_ERROR;
				CLANG_WARN_QUOTED_INCLUDE_IN_FRAMEWORK_HEADER = YES;
				CLANG_WARN_RANGE_LOOP_ANALYSIS = YES;
				CLANG_WARN_STRICT_PROTOTYPES = YES;
				CLANG_WARN_SUSPICIOUS_MOVE = YES;
				CLANG_WARN_UNGUARDED_AVAILABILITY = YES_AGGRESSIVE;
				CLANG_WARN_UNREACHABLE_CODE = YES;
				CLANG_WARN__DUPLICATE_METHOD_MATCH = YES;
				COPY_PHASE_STRIP = NO;
				DEBUG_INFORMATION_FORMAT = "dwarf-with-dsym";
				ENABLE_NS_ASSERTIONS = NO;
				ENABLE_STRICT_OBJC_MSGSEND = YES;
				GCC_C_LANGUAGE_STANDARD = gnu11;
				GCC_NO_COMMON_BLOCKS = YES;
				GCC_WARN_64_TO_32_BIT_CONVERSION = YES;
				GCC_WARN_ABOUT_RETURN_TYPE = YES_ERROR;
				GCC_WARN_UNDECLARED_SELECTOR = YES;
				GCC_WARN_UNINITIALIZED_AUTOS = YES_AGGRESSIVE;
				GCC_WARN_UNUSED_FUNCTION = YES;
				GCC_WARN_UNUSED_VARIABLE = YES;
				IPHONEOS_DEPLOYMENT_TARGET = 16.2;
				MTL_ENABLE_DEBUG_INFO = NO;
				MTL_FAST_MATH = YES;
				SDKROOT = iphoneos;
				SWIFT_COMPILATION_MODE = wholemodule;
				SWIFT_OPTIMIZATION_LEVEL = "-O";
				VALIDATE_PRODUCT = YES;
			};
			name = Release;
		};
		379ACDD029CEC43200EA4A21 /* Debug */ = {
			isa = XCBuildConfiguration;
			buildSettings = {
				ASSETCATALOG_COMPILER_APPICON_NAME = AppIcon;
				ASSETCATALOG_COMPILER_GLOBAL_ACCENT_COLOR_NAME = AccentColor;
				CODE_SIGN_STYLE = Automatic;
				CURRENT_PROJECT_VERSION = 1;
				DEVELOPMENT_TEAM = FQ9852Z3LX;
				GENERATE_INFOPLIST_FILE = YES;
				INFOPLIST_FILE = Clone_Starbucks/Info.plist;
				INFOPLIST_KEY_UIApplicationSupportsIndirectInputEvents = YES;
				INFOPLIST_KEY_UILaunchStoryboardName = LaunchScreen;
				INFOPLIST_KEY_UISupportedInterfaceOrientations_iPad = "UIInterfaceOrientationPortrait UIInterfaceOrientationPortraitUpsideDown UIInterfaceOrientationLandscapeLeft UIInterfaceOrientationLandscapeRight";
				INFOPLIST_KEY_UISupportedInterfaceOrientations_iPhone = "UIInterfaceOrientationPortrait UIInterfaceOrientationLandscapeLeft UIInterfaceOrientationLandscapeRight";
				IPHONEOS_DEPLOYMENT_TARGET = 15.0;
				LD_RUNPATH_SEARCH_PATHS = (
					"$(inherited)",
					"@executable_path/Frameworks",
				);
				MARKETING_VERSION = 1.0;
				PRODUCT_BUNDLE_IDENTIFIER = "com.Ios.Clone-Starbucks";
				PRODUCT_NAME = "$(TARGET_NAME)";
				SWIFT_EMIT_LOC_STRINGS = YES;
				SWIFT_VERSION = 5.0;
				TARGETED_DEVICE_FAMILY = "1,2";
			};
			name = Debug;
		};
		379ACDD129CEC43200EA4A21 /* Release */ = {
			isa = XCBuildConfiguration;
			buildSettings = {
				ASSETCATALOG_COMPILER_APPICON_NAME = AppIcon;
				ASSETCATALOG_COMPILER_GLOBAL_ACCENT_COLOR_NAME = AccentColor;
				CODE_SIGN_STYLE = Automatic;
				CURRENT_PROJECT_VERSION = 1;
				DEVELOPMENT_TEAM = FQ9852Z3LX;
				GENERATE_INFOPLIST_FILE = YES;
				INFOPLIST_FILE = Clone_Starbucks/Info.plist;
				INFOPLIST_KEY_UIApplicationSupportsIndirectInputEvents = YES;
				INFOPLIST_KEY_UILaunchStoryboardName = LaunchScreen;
				INFOPLIST_KEY_UISupportedInterfaceOrientations_iPad = "UIInterfaceOrientationPortrait UIInterfaceOrientationPortraitUpsideDown UIInterfaceOrientationLandscapeLeft UIInterfaceOrientationLandscapeRight";
				INFOPLIST_KEY_UISupportedInterfaceOrientations_iPhone = "UIInterfaceOrientationPortrait UIInterfaceOrientationLandscapeLeft UIInterfaceOrientationLandscapeRight";
				IPHONEOS_DEPLOYMENT_TARGET = 15.0;
				LD_RUNPATH_SEARCH_PATHS = (
					"$(inherited)",
					"@executable_path/Frameworks",
				);
				MARKETING_VERSION = 1.0;
				PRODUCT_BUNDLE_IDENTIFIER = "com.Ios.Clone-Starbucks";
				PRODUCT_NAME = "$(TARGET_NAME)";
				SWIFT_EMIT_LOC_STRINGS = YES;
				SWIFT_VERSION = 5.0;
				TARGETED_DEVICE_FAMILY = "1,2";
			};
			name = Release;
		};
/* End XCBuildConfiguration section */

/* Begin XCConfigurationList section */
		379ACDB629CEC42F00EA4A21 /* Build configuration list for PBXProject "Clone_Starbucks" */ = {
			isa = XCConfigurationList;
			buildConfigurations = (
				379ACDCD29CEC43200EA4A21 /* Debug */,
				379ACDCE29CEC43200EA4A21 /* Release */,
			);
			defaultConfigurationIsVisible = 0;
			defaultConfigurationName = Release;
		};
		379ACDCF29CEC43200EA4A21 /* Build configuration list for PBXNativeTarget "Clone_Starbucks" */ = {
			isa = XCConfigurationList;
			buildConfigurations = (
				379ACDD029CEC43200EA4A21 /* Debug */,
				379ACDD129CEC43200EA4A21 /* Release */,
			);
			defaultConfigurationIsVisible = 0;
			defaultConfigurationName = Release;
		};
/* End XCConfigurationList section */

/* Begin XCRemoteSwiftPackageReference section */
		37A61D6F2A4C2A2300DD2476 /* XCRemoteSwiftPackageReference "SnapKit" */ = {
			isa = XCRemoteSwiftPackageReference;
			repositoryURL = "https://github.com/SnapKit/SnapKit.git";
			requirement = {
				kind = upToNextMajorVersion;
				minimumVersion = 5.0.0;
			};
		};
		37A61D722A4C2A3E00DD2476 /* XCRemoteSwiftPackageReference "RxSwift" */ = {
			isa = XCRemoteSwiftPackageReference;
			repositoryURL = "https://github.com/ReactiveX/RxSwift.git";
			requirement = {
				kind = upToNextMajorVersion;
				minimumVersion = 6.0.0;
			};
		};
/* End XCRemoteSwiftPackageReference section */

/* Begin XCSwiftPackageProductDependency section */
		37A61D702A4C2A2300DD2476 /* SnapKit */ = {
			isa = XCSwiftPackageProductDependency;
			package = 37A61D6F2A4C2A2300DD2476 /* XCRemoteSwiftPackageReference "SnapKit" */;
			productName = SnapKit;
		};
		37A61D732A4C2A3E00DD2476 /* RxCocoa */ = {
			isa = XCSwiftPackageProductDependency;
			package = 37A61D722A4C2A3E00DD2476 /* XCRemoteSwiftPackageReference "RxSwift" */;
			productName = RxCocoa;
		};
		37A61D752A4C2A3E00DD2476 /* RxRelay */ = {
			isa = XCSwiftPackageProductDependency;
			package = 37A61D722A4C2A3E00DD2476 /* XCRemoteSwiftPackageReference "RxSwift" */;
			productName = RxRelay;
		};
		37A61D772A4C2A3E00DD2476 /* RxSwift */ = {
			isa = XCSwiftPackageProductDependency;
			package = 37A61D722A4C2A3E00DD2476 /* XCRemoteSwiftPackageReference "RxSwift" */;
			productName = RxSwift;
		};
/* End XCSwiftPackageProductDependency section */
	};
	rootObject = 379ACDB329CEC42F00EA4A21 /* Project object */;
}
